
Microsoft Visual Studio Solution File, Format Version 12.00
# Visual Studio 2012
# SharpDevelop 5.0
VisualStudioVersion = 12.0.20827.3
MinimumVisualStudioVersion = 10.0.40219.1
Project("{FAE04EC0-301F-11D3-BF4B-00C04F79EFBC}") = "Weight_Watching_Program_Plus", "Weight_Watching_Program_Plus\Weight_Watching_Program_Plus.csproj", "{C418D5F7-C0D7-488E-B3E9-67A1B2575E86}"
EndProject
Global
	GlobalSection(SolutionConfigurationPlatforms) = preSolution
		Debug|Any CPU = Debug|Any CPU
		Release|Any CPU = Release|Any CPU
	EndGlobalSection
	GlobalSection(ProjectConfigurationPlatforms) = postSolution
		{C418D5F7-C0D7-488E-B3E9-67A1B2575E86}.Debug|Any CPU.ActiveCfg = Debug|Any CPU
		{C418D5F7-C0D7-488E-B3E9-67A1B2575E86}.Debug|Any CPU.Build.0 = Debug|Any CPU
		{C418D5F7-C0D7-488E-B3E9-67A1B2575E86}.Release|Any CPU.ActiveCfg = Release|Any CPU
		{C418D5F7-C0D7-488E-B3E9-67A1B2575E86}.Release|Any CPU.Build.0 = Release|Any CPU
	EndGlobalSection
EndGlobal
